
Microsoft Visual Studio Solution File, Format Version 12.00
# Visual Studio Version 16
VisualStudioVersion = 16.0.31402.337
MinimumVisualStudioVersion = 10.0.40219.1
Project("{9A19103F-16F7-4668-BE54-9A1E7A4F7556}") = "SqlQueryBuilder", "SqlQueryBuilder\SqlQueryBuilder.csproj", "{41938942-EEDF-4A36-8F58-DE81F4C6A410}"
EndProject
Project("{FAE04EC0-301F-11D3-BF4B-00C04F79EFBC}") = "SqlQueryBuilderTests", "SqlQueryBuilderTests\SqlQueryBuilderTests.csproj", "{77E9473B-0922-417A-8BA8-82645EA8CA8F}"
EndProject
Global
	GlobalSection(SolutionConfigurationPlatforms) = preSolution
		Debug|Any CPU = Debug|Any CPU
		Release|Any CPU = Release|Any CPU
	EndGlobalSection
	GlobalSection(ProjectConfigurationPlatforms) = postSolution
		{41938942-EEDF-4A36-8F58-DE81F4C6A410}.Debug|Any CPU.ActiveCfg = Debug|Any CPU
		{41938942-EEDF-4A36-8F58-DE81F4C6A410}.Debug|Any CPU.Build.0 = Debug|Any CPU
		{41938942-EEDF-4A36-8F58-DE81F4C6A410}.Release|Any CPU.ActiveCfg = Release|Any CPU
		{41938942-EEDF-4A36-8F58-DE81F4C6A410}.Release|Any CPU.Build.0 = Release|Any CPU
		{77E9473B-0922-417A-8BA8-82645EA8CA8F}.Debug|Any CPU.ActiveCfg = Debug|Any CPU
		{77E9473B-0922-417A-8BA8-82645EA8CA8F}.Debug|Any CPU.Build.0 = Debug|Any CPU
		{77E9473B-0922-417A-8BA8-82645EA8CA8F}.Release|Any CPU.ActiveCfg = Release|Any CPU
		{77E9473B-0922-417A-8BA8-82645EA8CA8F}.Release|Any CPU.Build.0 = Release|Any CPU
	EndGlobalSection
	GlobalSection(SolutionProperties) = preSolution
		HideSolutionNode = FALSE
	EndGlobalSection
	GlobalSection(ExtensibilityGlobals) = postSolution
		SolutionGuid = {93D1825B-0A36-4722-8BC8-0CA7619F2F87}
	EndGlobalSection
EndGlobal
